// !$*UTF8*$!
{
	archiveVersion = 1;
	classes = {
	};
	objectVersion = 51;
	objects = {

/* Begin PBXBuildFile section */
		932D9101230142F700DE54B9 /* Color.xcassets in Resources */ = {isa = PBXBuildFile; fileRef = 932D9100230142F700DE54B9 /* Color.xcassets */; };
		932D91082301479500DE54B9 /* HomeViewController.swift in Sources */ = {isa = PBXBuildFile; fileRef = 932D91072301479500DE54B9 /* HomeViewController.swift */; };
		932D910A2301490B00DE54B9 /* HomeTableViewCell.swift in Sources */ = {isa = PBXBuildFile; fileRef = 932D91092301490B00DE54B9 /* HomeTableViewCell.swift */; };
		932D910C230149D700DE54B9 /* HomeViewModel.swift in Sources */ = {isa = PBXBuildFile; fileRef = 932D910B230149D700DE54B9 /* HomeViewModel.swift */; };
		932D910E23014A1400DE54B9 /* HomeListDataSource.swift in Sources */ = {isa = PBXBuildFile; fileRef = 932D910D23014A1400DE54B9 /* HomeListDataSource.swift */; };
		932D911923014E6800DE54B9 /* FeedData.swift in Sources */ = {isa = PBXBuildFile; fileRef = 932D911823014E6500DE54B9 /* FeedData.swift */; };
		932D911C23014E7A00DE54B9 /* FeedService.swift in Sources */ = {isa = PBXBuildFile; fileRef = 932D911B23014E7A00DE54B9 /* FeedService.swift */; };
		932D911F23014F7E00DE54B9 /* Constant.swift in Sources */ = {isa = PBXBuildFile; fileRef = 932D911E23014F7E00DE54B9 /* Constant.swift */; };
		932D912123015AA700DE54B9 /* DataExtension.swift in Sources */ = {isa = PBXBuildFile; fileRef = 932D912023015AA700DE54B9 /* DataExtension.swift */; };
		932D912523018EF000DE54B9 /* ImageService.swift in Sources */ = {isa = PBXBuildFile; fileRef = 932D912423018EF000DE54B9 /* ImageService.swift */; };
		9330FF30230125CD00A99B4D /* AppDelegate.swift in Sources */ = {isa = PBXBuildFile; fileRef = 9330FF2F230125CD00A99B4D /* AppDelegate.swift */; };
		9330FF35230125CD00A99B4D /* Main.storyboard in Resources */ = {isa = PBXBuildFile; fileRef = 9330FF33230125CD00A99B4D /* Main.storyboard */; };
		9330FF37230125CD00A99B4D /* Assets.xcassets in Resources */ = {isa = PBXBuildFile; fileRef = 9330FF36230125CD00A99B4D /* Assets.xcassets */; };
		9330FF3A230125CD00A99B4D /* LaunchScreen.storyboard in Resources */ = {isa = PBXBuildFile; fileRef = 9330FF38230125CD00A99B4D /* LaunchScreen.storyboard */; };
		9330FF45230125CD00A99B4D /* CanadaFeedTests.swift in Sources */ = {isa = PBXBuildFile; fileRef = 9330FF44230125CD00A99B4D /* CanadaFeedTests.swift */; };
		93E51FD72301A21E00F0C2F2 /* DetailViewController.swift in Sources */ = {isa = PBXBuildFile; fileRef = 93E51FD62301A21E00F0C2F2 /* DetailViewController.swift */; };
		93E51FDB2301BF6D00F0C2F2 /* URLMockProtocol.swift in Sources */ = {isa = PBXBuildFile; fileRef = 93E51FDA2301BF6D00F0C2F2 /* URLMockProtocol.swift */; };
		93E51FDD2301CA8B00F0C2F2 /* MockResponse.swift in Sources */ = {isa = PBXBuildFile; fileRef = 93E51FDC2301CA8B00F0C2F2 /* MockResponse.swift */; };
		A3624A7202314E85B84F52F1 /* Pods_CanadaFeedTests.framework in Frameworks */ = {isa = PBXBuildFile; fileRef = 9D19C972CD37AAB4F8DA2937 /* Pods_CanadaFeedTests.framework */; };
		F8FDE37C26F0C4D020FCE0BC /* Pods_CanadaFeed.framework in Frameworks */ = {isa = PBXBuildFile; fileRef = 0DAEFAC6491E7D64400DA2E0 /* Pods_CanadaFeed.framework */; };
/* End PBXBuildFile section */

/* Begin PBXContainerItemProxy section */
		9330FF41230125CD00A99B4D /* PBXContainerItemProxy */ = {
			isa = PBXContainerItemProxy;
			containerPortal = 9330FF24230125CD00A99B4D /* Project object */;
			proxyType = 1;
			remoteGlobalIDString = 9330FF2B230125CD00A99B4D;
			remoteInfo = CanadaFeed;
		};
/* End PBXContainerItemProxy section */

/* Begin PBXFileReference section */
		0DAEFAC6491E7D64400DA2E0 /* Pods_CanadaFeed.framework */ = {isa = PBXFileReference; explicitFileType = wrapper.framework; includeInIndex = 0; path = Pods_CanadaFeed.framework; sourceTree = BUILT_PRODUCTS_DIR; };
		1D94AECD8FC12B144A486FE6 /* Pods-CanadaFeed.release.xcconfig */ = {isa = PBXFileReference; includeInIndex = 1; lastKnownFileType = text.xcconfig; name = "Pods-CanadaFeed.release.xcconfig"; path = "Target Support Files/Pods-CanadaFeed/Pods-CanadaFeed.release.xcconfig"; sourceTree = "<group>"; };
		3192EFC3B17C7E7C718A99B0 /* Pods-CanadaFeed.debug.xcconfig */ = {isa = PBXFileReference; includeInIndex = 1; lastKnownFileType = text.xcconfig; name = "Pods-CanadaFeed.debug.xcconfig"; path = "Target Support Files/Pods-CanadaFeed/Pods-CanadaFeed.debug.xcconfig"; sourceTree = "<group>"; };
		932D9100230142F700DE54B9 /* Color.xcassets */ = {isa = PBXFileReference; lastKnownFileType = folder.assetcatalog; path = Color.xcassets; sourceTree = "<group>"; };
		932D91072301479500DE54B9 /* HomeViewController.swift */ = {isa = PBXFileReference; lastKnownFileType = sourcecode.swift; path = HomeViewController.swift; sourceTree = "<group>"; };
		932D91092301490B00DE54B9 /* HomeTableViewCell.swift */ = {isa = PBXFileReference; lastKnownFileType = sourcecode.swift; path = HomeTableViewCell.swift; sourceTree = "<group>"; };
		932D910B230149D700DE54B9 /* HomeViewModel.swift */ = {isa = PBXFileReference; lastKnownFileType = sourcecode.swift; path = HomeViewModel.swift; sourceTree = "<group>"; };
		932D910D23014A1400DE54B9 /* HomeListDataSource.swift */ = {isa = PBXFileReference; lastKnownFileType = sourcecode.swift; path = HomeListDataSource.swift; sourceTree = "<group>"; };
		932D911823014E6500DE54B9 /* FeedData.swift */ = {isa = PBXFileReference; fileEncoding = 4; lastKnownFileType = sourcecode.swift; path = FeedData.swift; sourceTree = "<group>"; };
		932D911B23014E7A00DE54B9 /* FeedService.swift */ = {isa = PBXFileReference; fileEncoding = 4; lastKnownFileType = sourcecode.swift; path = FeedService.swift; sourceTree = "<group>"; };
		932D911E23014F7E00DE54B9 /* Constant.swift */ = {isa = PBXFileReference; lastKnownFileType = sourcecode.swift; path = Constant.swift; sourceTree = "<group>"; };
		932D912023015AA700DE54B9 /* DataExtension.swift */ = {isa = PBXFileReference; lastKnownFileType = sourcecode.swift; path = DataExtension.swift; sourceTree = "<group>"; };
		932D912423018EF000DE54B9 /* ImageService.swift */ = {isa = PBXFileReference; fileEncoding = 4; lastKnownFileType = sourcecode.swift; path = ImageService.swift; sourceTree = "<group>"; };
		9330FF2C230125CD00A99B4D /* CanadaFeed.app */ = {isa = PBXFileReference; explicitFileType = wrapper.application; includeInIndex = 0; path = CanadaFeed.app; sourceTree = BUILT_PRODUCTS_DIR; };
		9330FF2F230125CD00A99B4D /* AppDelegate.swift */ = {isa = PBXFileReference; lastKnownFileType = sourcecode.swift; path = AppDelegate.swift; sourceTree = "<group>"; };
		9330FF34230125CD00A99B4D /* Base */ = {isa = PBXFileReference; lastKnownFileType = file.storyboard; name = Base; path = Base.lproj/Main.storyboard; sourceTree = "<group>"; };
		9330FF36230125CD00A99B4D /* Assets.xcassets */ = {isa = PBXFileReference; lastKnownFileType = folder.assetcatalog; path = Assets.xcassets; sourceTree = "<group>"; };
		9330FF39230125CD00A99B4D /* Base */ = {isa = PBXFileReference; lastKnownFileType = file.storyboard; name = Base; path = Base.lproj/LaunchScreen.storyboard; sourceTree = "<group>"; };
		9330FF3B230125CD00A99B4D /* Info.plist */ = {isa = PBXFileReference; lastKnownFileType = text.plist.xml; path = Info.plist; sourceTree = "<group>"; };
		9330FF40230125CD00A99B4D /* CanadaFeedTests.xctest */ = {isa = PBXFileReference; explicitFileType = wrapper.cfbundle; includeInIndex = 0; path = CanadaFeedTests.xctest; sourceTree = BUILT_PRODUCTS_DIR; };
		9330FF44230125CD00A99B4D /* CanadaFeedTests.swift */ = {isa = PBXFileReference; lastKnownFileType = sourcecode.swift; path = CanadaFeedTests.swift; sourceTree = "<group>"; };
		9330FF46230125CD00A99B4D /* Info.plist */ = {isa = PBXFileReference; lastKnownFileType = text.plist.xml; path = Info.plist; sourceTree = "<group>"; };
		93E51FD62301A21E00F0C2F2 /* DetailViewController.swift */ = {isa = PBXFileReference; lastKnownFileType = sourcecode.swift; path = DetailViewController.swift; sourceTree = "<group>"; };
		93E51FDA2301BF6D00F0C2F2 /* URLMockProtocol.swift */ = {isa = PBXFileReference; fileEncoding = 4; lastKnownFileType = sourcecode.swift; path = URLMockProtocol.swift; sourceTree = "<group>"; };
		93E51FDC2301CA8B00F0C2F2 /* MockResponse.swift */ = {isa = PBXFileReference; lastKnownFileType = sourcecode.swift; path = MockResponse.swift; sourceTree = "<group>"; };
		9D19C972CD37AAB4F8DA2937 /* Pods_CanadaFeedTests.framework */ = {isa = PBXFileReference; explicitFileType = wrapper.framework; includeInIndex = 0; path = Pods_CanadaFeedTests.framework; sourceTree = BUILT_PRODUCTS_DIR; };
		F50E27796A5F4DBF78370AFC /* Pods-CanadaFeedTests.release.xcconfig */ = {isa = PBXFileReference; includeInIndex = 1; lastKnownFileType = text.xcconfig; name = "Pods-CanadaFeedTests.release.xcconfig"; path = "Target Support Files/Pods-CanadaFeedTests/Pods-CanadaFeedTests.release.xcconfig"; sourceTree = "<group>"; };
		FA7E13090E23FDCB10F91A30 /* Pods-CanadaFeedTests.debug.xcconfig */ = {isa = PBXFileReference; includeInIndex = 1; lastKnownFileType = text.xcconfig; name = "Pods-CanadaFeedTests.debug.xcconfig"; path = "Target Support Files/Pods-CanadaFeedTests/Pods-CanadaFeedTests.debug.xcconfig"; sourceTree = "<group>"; };
/* End PBXFileReference section */

/* Begin PBXFrameworksBuildPhase section */
		9330FF29230125CD00A99B4D /* Frameworks */ = {
			isa = PBXFrameworksBuildPhase;
			buildActionMask = 2147483647;
			files = (
				F8FDE37C26F0C4D020FCE0BC /* Pods_CanadaFeed.framework in Frameworks */,
			);
			runOnlyForDeploymentPostprocessing = 0;
		};
		9330FF3D230125CD00A99B4D /* Frameworks */ = {
			isa = PBXFrameworksBuildPhase;
			buildActionMask = 2147483647;
			files = (
				A3624A7202314E85B84F52F1 /* Pods_CanadaFeedTests.framework in Frameworks */,
			);
			runOnlyForDeploymentPostprocessing = 0;
		};
/* End PBXFrameworksBuildPhase section */

/* Begin PBXGroup section */
		15E3E77CC49AFCC61EA0C0D1 /* Pods */ = {
			isa = PBXGroup;
			children = (
				3192EFC3B17C7E7C718A99B0 /* Pods-CanadaFeed.debug.xcconfig */,
				1D94AECD8FC12B144A486FE6 /* Pods-CanadaFeed.release.xcconfig */,
				FA7E13090E23FDCB10F91A30 /* Pods-CanadaFeedTests.debug.xcconfig */,
				F50E27796A5F4DBF78370AFC /* Pods-CanadaFeedTests.release.xcconfig */,
			);
			path = Pods;
			sourceTree = "<group>";
		};
		20A4823F4CA7D321F42D470C /* Frameworks */ = {
			isa = PBXGroup;
			children = (
				0DAEFAC6491E7D64400DA2E0 /* Pods_CanadaFeed.framework */,
				9D19C972CD37AAB4F8DA2937 /* Pods_CanadaFeedTests.framework */,
			);
			name = Frameworks;
			sourceTree = "<group>";
		};
		932D90FF23013B4300DE54B9 /* Resource */ = {
			isa = PBXGroup;
			children = (
				9330FF3B230125CD00A99B4D /* Info.plist */,
				9330FF36230125CD00A99B4D /* Assets.xcassets */,
				932D9100230142F700DE54B9 /* Color.xcassets */,
				9330FF38230125CD00A99B4D /* LaunchScreen.storyboard */,
			);
			path = Resource;
			sourceTree = "<group>";
		};
		932D9102230144F700DE54B9 /* View */ = {
			isa = PBXGroup;
			children = (
				932D91072301479500DE54B9 /* HomeViewController.swift */,
				93E51FD62301A21E00F0C2F2 /* DetailViewController.swift */,
				932D91092301490B00DE54B9 /* HomeTableViewCell.swift */,
				9330FF33230125CD00A99B4D /* Main.storyboard */,
			);
			path = View;
			sourceTree = "<group>";
		};
		932D91032301452300DE54B9 /* ViewModel */ = {
			isa = PBXGroup;
			children = (
				932D910B230149D700DE54B9 /* HomeViewModel.swift */,
				932D910D23014A1400DE54B9 /* HomeListDataSource.swift */,
			);
			path = ViewModel;
			sourceTree = "<group>";
		};
		932D91042301452E00DE54B9 /* Model */ = {
			isa = PBXGroup;
			children = (
				932D911823014E6500DE54B9 /* FeedData.swift */,
			);
			path = Model;
			sourceTree = "<group>";
		};
		932D911A23014E7A00DE54B9 /* Service */ = {
			isa = PBXGroup;
			children = (
				932D911B23014E7A00DE54B9 /* FeedService.swift */,
				932D912423018EF000DE54B9 /* ImageService.swift */,
			);
			path = Service;
			sourceTree = "<group>";
		};
		932D911D23014F7100DE54B9 /* Common */ = {
			isa = PBXGroup;
			children = (
				932D911E23014F7E00DE54B9 /* Constant.swift */,
				932D912023015AA700DE54B9 /* DataExtension.swift */,
			);
			path = Common;
			sourceTree = "<group>";
		};
		9330FF23230125CD00A99B4D = {
			isa = PBXGroup;
			children = (
				9330FF2E230125CD00A99B4D /* CanadaFeed */,
				9330FF43230125CD00A99B4D /* CanadaFeedTests */,
				9330FF2D230125CD00A99B4D /* Products */,
				15E3E77CC49AFCC61EA0C0D1 /* Pods */,
				20A4823F4CA7D321F42D470C /* Frameworks */,
			);
			sourceTree = "<group>";
		};
		9330FF2D230125CD00A99B4D /* Products */ = {
			isa = PBXGroup;
			children = (
				9330FF2C230125CD00A99B4D /* CanadaFeed.app */,
				9330FF40230125CD00A99B4D /* CanadaFeedTests.xctest */,
			);
			name = Products;
			sourceTree = "<group>";
		};
		9330FF2E230125CD00A99B4D /* CanadaFeed */ = {
			isa = PBXGroup;
			children = (
				9330FF2F230125CD00A99B4D /* AppDelegate.swift */,
				932D911D23014F7100DE54B9 /* Common */,
				932D911A23014E7A00DE54B9 /* Service */,
				932D91042301452E00DE54B9 /* Model */,
				932D9102230144F700DE54B9 /* View */,
				932D91032301452300DE54B9 /* ViewModel */,
				932D90FF23013B4300DE54B9 /* Resource */,
			);
			path = CanadaFeed;
			sourceTree = "<group>";
		};
		9330FF43230125CD00A99B4D /* CanadaFeedTests */ = {
			isa = PBXGroup;
			children = (
				93E51FDA2301BF6D00F0C2F2 /* URLMockProtocol.swift */,
				9330FF44230125CD00A99B4D /* CanadaFeedTests.swift */,
				93E51FDC2301CA8B00F0C2F2 /* MockResponse.swift */,
				9330FF46230125CD00A99B4D /* Info.plist */,
			);
			path = CanadaFeedTests;
			sourceTree = "<group>";
		};
/* End PBXGroup section */

/* Begin PBXNativeTarget section */
		9330FF2B230125CD00A99B4D /* CanadaFeed */ = {
			isa = PBXNativeTarget;
			buildConfigurationList = 9330FF49230125CD00A99B4D /* Build configuration list for PBXNativeTarget "CanadaFeed" */;
			buildPhases = (
				A3CF389BC6AB42909F19D87D /* [CP] Check Pods Manifest.lock */,
				9330FF28230125CD00A99B4D /* Sources */,
				9330FF29230125CD00A99B4D /* Frameworks */,
				9330FF2A230125CD00A99B4D /* Resources */,
				248733026197240FC2B4EDF4 /* [CP] Embed Pods Frameworks */,
				932D90FE23013A0E00DE54B9 /* Run Swiftlint */,
			);
			buildRules = (
			);
			dependencies = (
			);
			name = CanadaFeed;
			productName = CanadaFeed;
			productReference = 9330FF2C230125CD00A99B4D /* CanadaFeed.app */;
			productType = "com.apple.product-type.application";
		};
		9330FF3F230125CD00A99B4D /* CanadaFeedTests */ = {
			isa = PBXNativeTarget;
			buildConfigurationList = 9330FF4C230125CD00A99B4D /* Build configuration list for PBXNativeTarget "CanadaFeedTests" */;
			buildPhases = (
				DC51D87AA6EE1DD76FB06B4D /* [CP] Check Pods Manifest.lock */,
				9330FF3C230125CD00A99B4D /* Sources */,
				9330FF3D230125CD00A99B4D /* Frameworks */,
				9330FF3E230125CD00A99B4D /* Resources */,
			);
			buildRules = (
			);
			dependencies = (
				9330FF42230125CD00A99B4D /* PBXTargetDependency */,
			);
			name = CanadaFeedTests;
			productName = CanadaFeedTests;
			productReference = 9330FF40230125CD00A99B4D /* CanadaFeedTests.xctest */;
			productType = "com.apple.product-type.bundle.unit-test";
		};
/* End PBXNativeTarget section */

/* Begin PBXProject section */
		9330FF24230125CD00A99B4D /* Project object */ = {
			isa = PBXProject;
			attributes = {
				LastSwiftUpdateCheck = 1020;
				LastUpgradeCheck = 1020;
				ORGANIZATIONNAME = "My Company";
				TargetAttributes = {
					9330FF2B230125CD00A99B4D = {
						CreatedOnToolsVersion = 10.2;
					};
					9330FF3F230125CD00A99B4D = {
						CreatedOnToolsVersion = 10.2;
						TestTargetID = 9330FF2B230125CD00A99B4D;
					};
				};
			};
			buildConfigurationList = 9330FF27230125CD00A99B4D /* Build configuration list for PBXProject "CanadaFeed" */;
			compatibilityVersion = "Xcode 9.3";
			developmentRegion = en;
			hasScannedForEncodings = 0;
			knownRegions = (
				en,
				Base,
			);
			mainGroup = 9330FF23230125CD00A99B4D;
			productRefGroup = 9330FF2D230125CD00A99B4D /* Products */;
			projectDirPath = "";
			projectRoot = "";
			targets = (
				9330FF2B230125CD00A99B4D /* CanadaFeed */,
				9330FF3F230125CD00A99B4D /* CanadaFeedTests */,
			);
		};
/* End PBXProject section */

/* Begin PBXResourcesBuildPhase section */
		9330FF2A230125CD00A99B4D /* Resources */ = {
			isa = PBXResourcesBuildPhase;
			buildActionMask = 2147483647;
			files = (
				9330FF3A230125CD00A99B4D /* LaunchScreen.storyboard in Resources */,
				932D9101230142F700DE54B9 /* Color.xcassets in Resources */,
				9330FF37230125CD00A99B4D /* Assets.xcassets in Resources */,
				9330FF35230125CD00A99B4D /* Main.storyboard in Resources */,
			);
			runOnlyForDeploymentPostprocessing = 0;
		};
		9330FF3E230125CD00A99B4D /* Resources */ = {
			isa = PBXResourcesBuildPhase;
			buildActionMask = 2147483647;
			files = (
			);
			runOnlyForDeploymentPostprocessing = 0;
		};
/* End PBXResourcesBuildPhase section */

/* Begin PBXShellScriptBuildPhase section */
		248733026197240FC2B4EDF4 /* [CP] Embed Pods Frameworks */ = {
			isa = PBXShellScriptBuildPhase;
			buildActionMask = 2147483647;
			files = (
			);
			inputFileListPaths = (
				"${PODS_ROOT}/Target Support Files/Pods-CanadaFeed/Pods-CanadaFeed-frameworks-${CONFIGURATION}-input-files.xcfilelist",
			);
			name = "[CP] Embed Pods Frameworks";
			outputFileListPaths = (
				"${PODS_ROOT}/Target Support Files/Pods-CanadaFeed/Pods-CanadaFeed-frameworks-${CONFIGURATION}-output-files.xcfilelist",
			);
			runOnlyForDeploymentPostprocessing = 0;
			shellPath = /bin/sh;
			shellScript = "\"${PODS_ROOT}/Target Support Files/Pods-CanadaFeed/Pods-CanadaFeed-frameworks.sh\"\n";
			showEnvVarsInLog = 0;
		};
		932D90FE23013A0E00DE54B9 /* Run Swiftlint */ = {
			isa = PBXShellScriptBuildPhase;
			buildActionMask = 2147483647;
			files = (
			);
			inputFileListPaths = (
			);
			inputPaths = (
			);
			name = "Run Swiftlint";
			outputFileListPaths = (
			);
			outputPaths = (
			);
			runOnlyForDeploymentPostprocessing = 0;
			shellPath = /bin/sh;
			shellScript = "if which $PODS_ROOT/SwiftLint/swiftlint >/dev/null; then\n$PODS_ROOT/SwiftLint/swiftlint\nelse\necho \"warning: SwiftLint not installed, download from https://github.com/realm/SwiftLint\"\nfi\n";
		};
		A3CF389BC6AB42909F19D87D /* [CP] Check Pods Manifest.lock */ = {
			isa = PBXShellScriptBuildPhase;
			buildActionMask = 2147483647;
			files = (
			);
			inputFileListPaths = (
			);
			inputPaths = (
				"${PODS_PODFILE_DIR_PATH}/Podfile.lock",
				"${PODS_ROOT}/Manifest.lock",
			);
			name = "[CP] Check Pods Manifest.lock";
			outputFileListPaths = (
			);
			outputPaths = (
				"$(DERIVED_FILE_DIR)/Pods-CanadaFeed-checkManifestLockResult.txt",
			);
			runOnlyForDeploymentPostprocessing = 0;
			shellPath = /bin/sh;
			shellScript = "diff \"${PODS_PODFILE_DIR_PATH}/Podfile.lock\" \"${PODS_ROOT}/Manifest.lock\" > /dev/null\nif [ $? != 0 ] ; then\n    # print error to STDERR\n    echo \"error: The sandbox is not in sync with the Podfile.lock. Run 'pod install' or update your CocoaPods installation.\" >&2\n    exit 1\nfi\n# This output is used by Xcode 'outputs' to avoid re-running this script phase.\necho \"SUCCESS\" > \"${SCRIPT_OUTPUT_FILE_0}\"\n";
			showEnvVarsInLog = 0;
		};
		DC51D87AA6EE1DD76FB06B4D /* [CP] Check Pods Manifest.lock */ = {
			isa = PBXShellScriptBuildPhase;
			buildActionMask = 2147483647;
			files = (
			);
			inputFileListPaths = (
			);
			inputPaths = (
				"${PODS_PODFILE_DIR_PATH}/Podfile.lock",
				"${PODS_ROOT}/Manifest.lock",
			);
			name = "[CP] Check Pods Manifest.lock";
			outputFileListPaths = (
			);
			outputPaths = (
				"$(DERIVED_FILE_DIR)/Pods-CanadaFeedTests-checkManifestLockResult.txt",
			);
			runOnlyForDeploymentPostprocessing = 0;
			shellPath = /bin/sh;
			shellScript = "diff \"${PODS_PODFILE_DIR_PATH}/Podfile.lock\" \"${PODS_ROOT}/Manifest.lock\" > /dev/null\nif [ $? != 0 ] ; then\n    # print error to STDERR\n    echo \"error: The sandbox is not in sync with the Podfile.lock. Run 'pod install' or update your CocoaPods installation.\" >&2\n    exit 1\nfi\n# This output is used by Xcode 'outputs' to avoid re-running this script phase.\necho \"SUCCESS\" > \"${SCRIPT_OUTPUT_FILE_0}\"\n";
			showEnvVarsInLog = 0;
		};
/* End PBXShellScriptBuildPhase section */

/* Begin PBXSourcesBuildPhase section */
		9330FF28230125CD00A99B4D /* Sources */ = {
			isa = PBXSourcesBuildPhase;
			buildActionMask = 2147483647;
			files = (
				93E51FD72301A21E00F0C2F2 /* DetailViewController.swift in Sources */,
				9330FF30230125CD00A99B4D /* AppDelegate.swift in Sources */,
				932D910A2301490B00DE54B9 /* HomeTableViewCell.swift in Sources */,
				932D911C23014E7A00DE54B9 /* FeedService.swift in Sources */,
				932D912523018EF000DE54B9 /* ImageService.swift in Sources */,
				932D911F23014F7E00DE54B9 /* Constant.swift in Sources */,
				932D91082301479500DE54B9 /* HomeViewController.swift in Sources */,
				932D911923014E6800DE54B9 /* FeedData.swift in Sources */,
				932D910E23014A1400DE54B9 /* HomeListDataSource.swift in Sources */,
				932D912123015AA700DE54B9 /* DataExtension.swift in Sources */,
				932D910C230149D700DE54B9 /* HomeViewModel.swift in Sources */,
			);
			runOnlyForDeploymentPostprocessing = 0;
		};
		9330FF3C230125CD00A99B4D /* Sources */ = {
			isa = PBXSourcesBuildPhase;
			buildActionMask = 2147483647;
			files = (
				93E51FDD2301CA8B00F0C2F2 /* MockResponse.swift in Sources */,
				9330FF45230125CD00A99B4D /* CanadaFeedTests.swift in Sources */,
				93E51FDB2301BF6D00F0C2F2 /* URLMockProtocol.swift in Sources */,
			);
			runOnlyForDeploymentPostprocessing = 0;
		};
/* End PBXSourcesBuildPhase section */

/* Begin PBXTargetDependency section */
		9330FF42230125CD00A99B4D /* PBXTargetDependency */ = {
			isa = PBXTargetDependency;
			target = 9330FF2B230125CD00A99B4D /* CanadaFeed */;
			targetProxy = 9330FF41230125CD00A99B4D /* PBXContainerItemProxy */;
		};
/* End PBXTargetDependency section */

/* Begin PBXVariantGroup section */
		9330FF33230125CD00A99B4D /* Main.storyboard */ = {
			isa = PBXVariantGroup;
			children = (
				9330FF34230125CD00A99B4D /* Base */,
			);
			name = Main.storyboard;
			sourceTree = "<group>";
		};
		9330FF38230125CD00A99B4D /* LaunchScreen.storyboard */ = {
			isa = PBXVariantGroup;
			children = (
				9330FF39230125CD00A99B4D /* Base */,
			);
			name = LaunchScreen.storyboard;
			sourceTree = "<group>";
		};
/* End PBXVariantGroup section */

/* Begin XCBuildConfiguration section */
		9330FF47230125CD00A99B4D /* Debug */ = {
			isa = XCBuildConfiguration;
			buildSettings = {
				ALWAYS_SEARCH_USER_PATHS = NO;
				CLANG_ANALYZER_NONNULL = YES;
				CLANG_ANALYZER_NUMBER_OBJECT_CONVERSION = YES_AGGRESSIVE;
				CLANG_CXX_LANGUAGE_STANDARD = "gnu++14";
				CLANG_CXX_LIBRARY = "libc++";
				CLANG_ENABLE_MODULES = YES;
				CLANG_ENABLE_OBJC_ARC = YES;
				CLANG_ENABLE_OBJC_WEAK = YES;
				CLANG_WARN_BLOCK_CAPTURE_AUTORELEASING = YES;
				CLANG_WARN_BOOL_CONVERSION = YES;
				CLANG_WARN_COMMA = YES;
				CLANG_WARN_CONSTANT_CONVERSION = YES;
				CLANG_WARN_DEPRECATED_OBJC_IMPLEMENTATIONS = YES;
				CLANG_WARN_DIRECT_OBJC_ISA_USAGE = YES_ERROR;
				CLANG_WARN_DOCUMENTATION_COMMENTS = YES;
				CLANG_WARN_EMPTY_BODY = YES;
				CLANG_WARN_ENUM_CONVERSION = YES;
				CLANG_WARN_INFINITE_RECURSION = YES;
				CLANG_WARN_INT_CONVERSION = YES;
				CLANG_WARN_NON_LITERAL_NULL_CONVERSION = YES;
				CLANG_WARN_OBJC_IMPLICIT_RETAIN_SELF = YES;
				CLANG_WARN_OBJC_LITERAL_CONVERSION = YES;
				CLANG_WARN_OBJC_ROOT_CLASS = YES_ERROR;
				CLANG_WARN_RANGE_LOOP_ANALYSIS = YES;
				CLANG_WARN_STRICT_PROTOTYPES = YES;
				CLANG_WARN_SUSPICIOUS_MOVE = YES;
				CLANG_WARN_UNGUARDED_AVAILABILITY = YES_AGGRESSIVE;
				CLANG_WARN_UNREACHABLE_CODE = YES;
				CLANG_WARN__DUPLICATE_METHOD_MATCH = YES;
				CODE_SIGN_IDENTITY = "iPhone Developer";
				COPY_PHASE_STRIP = NO;
				DEBUG_INFORMATION_FORMAT = dwarf;
				ENABLE_STRICT_OBJC_MSGSEND = YES;
				ENABLE_TESTABILITY = YES;
				GCC_C_LANGUAGE_STANDARD = gnu11;
				GCC_DYNAMIC_NO_PIC = NO;
				GCC_NO_COMMON_BLOCKS = YES;
				GCC_OPTIMIZATION_LEVEL = 0;
				GCC_PREPROCESSOR_DEFINITIONS = (
					"DEBUG=1",
					"$(inherited)",
				);
				GCC_WARN_64_TO_32_BIT_CONVERSION = YES;
				GCC_WARN_ABOUT_RETURN_TYPE = YES_ERROR;
				GCC_WARN_UNDECLARED_SELECTOR = YES;
				GCC_WARN_UNINITIALIZED_AUTOS = YES_AGGRESSIVE;
				GCC_WARN_UNUSED_FUNCTION = YES;
				GCC_WARN_UNUSED_VARIABLE = YES;
				IPHONEOS_DEPLOYMENT_TARGET = 12.0;
				MTL_ENABLE_DEBUG_INFO = INCLUDE_SOURCE;
				MTL_FAST_MATH = YES;
				ONLY_ACTIVE_ARCH = YES;
				SDKROOT = iphoneos;
				SWIFT_ACTIVE_COMPILATION_CONDITIONS = DEBUG;
				SWIFT_OPTIMIZATION_LEVEL = "-Onone";
			};
			name = Debug;
		};
		9330FF48230125CD00A99B4D /* Release */ = {
			isa = XCBuildConfiguration;
			buildSettings = {
				ALWAYS_SEARCH_USER_PATHS = NO;
				CLANG_ANALYZER_NONNULL = YES;
				CLANG_ANALYZER_NUMBER_OBJECT_CONVERSION = YES_AGGRESSIVE;
				CLANG_CXX_LANGUAGE_STANDARD = "gnu++14";
				CLANG_CXX_LIBRARY = "libc++";
				CLANG_ENABLE_MODULES = YES;
				CLANG_ENABLE_OBJC_ARC = YES;
				CLANG_ENABLE_OBJC_WEAK = YES;
				CLANG_WARN_BLOCK_CAPTURE_AUTORELEASING = YES;
				CLANG_WARN_BOOL_CONVERSION = YES;
				CLANG_WARN_COMMA = YES;
				CLANG_WARN_CONSTANT_CONVERSION = YES;
				CLANG_WARN_DEPRECATED_OBJC_IMPLEMENTATIONS = YES;
				CLANG_WARN_DIRECT_OBJC_ISA_USAGE = YES_ERROR;
				CLANG_WARN_DOCUMENTATION_COMMENTS = YES;
				CLANG_WARN_EMPTY_BODY = YES;
				CLANG_WARN_ENUM_CONVERSION = YES;
				CLANG_WARN_INFINITE_RECURSION = YES;
				CLANG_WARN_INT_CONVERSION = YES;
				CLANG_WARN_NON_LITERAL_NULL_CONVERSION = YES;
				CLANG_WARN_OBJC_IMPLICIT_RETAIN_SELF = YES;
				CLANG_WARN_OBJC_LITERAL_CONVERSION = YES;
				CLANG_WARN_OBJC_ROOT_CLASS = YES_ERROR;
				CLANG_WARN_RANGE_LOOP_ANALYSIS = YES;
				CLANG_WARN_STRICT_PROTOTYPES = YES;
				CLANG_WARN_SUSPICIOUS_MOVE = YES;
				CLANG_WARN_UNGUARDED_AVAILABILITY = YES_AGGRESSIVE;
				CLANG_WARN_UNREACHABLE_CODE = YES;
				CLANG_WARN__DUPLICATE_METHOD_MATCH = YES;
				CODE_SIGN_IDENTITY = "iPhone Developer";
				COPY_PHASE_STRIP = NO;
				DEBUG_INFORMATION_FORMAT = "dwarf-with-dsym";
				ENABLE_NS_ASSERTIONS = NO;
				ENABLE_STRICT_OBJC_MSGSEND = YES;
				GCC_C_LANGUAGE_STANDARD = gnu11;
				GCC_NO_COMMON_BLOCKS = YES;
				GCC_WARN_64_TO_32_BIT_CONVERSION = YES;
				GCC_WARN_ABOUT_RETURN_TYPE = YES_ERROR;
				GCC_WARN_UNDECLARED_SELECTOR = YES;
				GCC_WARN_UNINITIALIZED_AUTOS = YES_AGGRESSIVE;
				GCC_WARN_UNUSED_FUNCTION = YES;
				GCC_WARN_UNUSED_VARIABLE = YES;
				IPHONEOS_DEPLOYMENT_TARGET = 12.0;
				MTL_ENABLE_DEBUG_INFO = NO;
				MTL_FAST_MATH = YES;
				SDKROOT = iphoneos;
				SWIFT_COMPILATION_MODE = wholemodule;
				SWIFT_OPTIMIZATION_LEVEL = "-O";
				VALIDATE_PRODUCT = YES;
			};
			name = Release;
		};
		9330FF4A230125CD00A99B4D /* Debug */ = {
			isa = XCBuildConfiguration;
			baseConfigurationReference = 3192EFC3B17C7E7C718A99B0 /* Pods-CanadaFeed.debug.xcconfig */;
			buildSettings = {
				ASSETCATALOG_COMPILER_APPICON_NAME = AppIcon;
				CODE_SIGN_STYLE = Automatic;
				DEVELOPMENT_TEAM = 7EMVL27772;
				INFOPLIST_FILE = CanadaFeed/Resource/Info.plist;
				LD_RUNPATH_SEARCH_PATHS = (
					"$(inherited)",
					"@executable_path/Frameworks",
				);
				PRODUCT_BUNDLE_IDENTIFIER = au.com.mycompany.CanadaFeed;
				PRODUCT_NAME = "$(TARGET_NAME)";
				SWIFT_VERSION = 5.0;
				TARGETED_DEVICE_FAMILY = "1,2";
			};
			name = Debug;
		};
		9330FF4B230125CD00A99B4D /* Release */ = {
			isa = XCBuildConfiguration;
			baseConfigurationReference = 1D94AECD8FC12B144A486FE6 /* Pods-CanadaFeed.release.xcconfig */;
			buildSettings = {
				ASSETCATALOG_COMPILER_APPICON_NAME = AppIcon;
				CODE_SIGN_STYLE = Automatic;
				DEVELOPMENT_TEAM = 7EMVL27772;
				INFOPLIST_FILE = CanadaFeed/Resource/Info.plist;
				LD_RUNPATH_SEARCH_PATHS = (
					"$(inherited)",
					"@executable_path/Frameworks",
				);
				PRODUCT_BUNDLE_IDENTIFIER = au.com.mycompany.CanadaFeed;
				PRODUCT_NAME = "$(TARGET_NAME)";
				SWIFT_VERSION = 5.0;
				TARGETED_DEVICE_FAMILY = "1,2";
			};
			name = Release;
		};
		9330FF4D230125CD00A99B4D /* Debug */ = {
			isa = XCBuildConfiguration;
			baseConfigurationReference = FA7E13090E23FDCB10F91A30 /* Pods-CanadaFeedTests.debug.xcconfig */;
			buildSettings = {
				ALWAYS_EMBED_SWIFT_STANDARD_LIBRARIES = YES;
				BUNDLE_LOADER = "$(TEST_HOST)";
				CODE_SIGN_STYLE = Automatic;
				DEVELOPMENT_TEAM = 7EMVL27772;
				INFOPLIST_FILE = CanadaFeedTests/Info.plist;
				LD_RUNPATH_SEARCH_PATHS = (
					"$(inherited)",
					"@executable_path/Frameworks",
					"@loader_path/Frameworks",
				);
				PRODUCT_BUNDLE_IDENTIFIER = au.com.mycompany.CanadaFeedTests;
				PRODUCT_NAME = "$(TARGET_NAME)";
				SWIFT_VERSION = 5.0;
				TARGETED_DEVICE_FAMILY = "1,2";
				TEST_HOST = "$(BUILT_PRODUCTS_DIR)/CanadaFeed.app/CanadaFeed";
			};
			name = Debug;
		};
		9330FF4E230125CD00A99B4D /* Release */ = {
			isa = XCBuildConfiguration;
			baseConfigurationReference = F50E27796A5F4DBF78370AFC /* Pods-CanadaFeedTests.release.xcconfig */;
			buildSettings = {
				ALWAYS_EMBED_SWIFT_STANDARD_LIBRARIES = YES;
				BUNDLE_LOADER = "$(TEST_HOST)";
				CODE_SIGN_STYLE = Automatic;
				DEVELOPMENT_TEAM = 7EMVL27772;
				INFOPLIST_FILE = CanadaFeedTests/Info.plist;
				LD_RUNPATH_SEARCH_PATHS = (
					"$(inherited)",
					"@executable_path/Frameworks",
					"@loader_path/Frameworks",
				);
				PRODUCT_BUNDLE_IDENTIFIER = au.com.mycompany.CanadaFeedTests;
				PRODUCT_NAME = "$(TARGET_NAME)";
				SWIFT_VERSION = 5.0;
				TARGETED_DEVICE_FAMILY = "1,2";
				TEST_HOST = "$(BUILT_PRODUCTS_DIR)/CanadaFeed.app/CanadaFeed";
			};
			name = Release;
		};
/* End XCBuildConfiguration section */

/* Begin XCConfigurationList section */
		9330FF27230125CD00A99B4D /* Build configuration list for PBXProject "CanadaFeed" */ = {
			isa = XCConfigurationList;
			buildConfigurations = (
				9330FF47230125CD00A99B4D /* Debug */,
				9330FF48230125CD00A99B4D /* Release */,
			);
			defaultConfigurationIsVisible = 0;
			defaultConfigurationName = Release;
		};
		9330FF49230125CD00A99B4D /* Build configuration list for PBXNativeTarget "CanadaFeed" */ = {
			isa = XCConfigurationList;
			buildConfigurations = (
				9330FF4A230125CD00A99B4D /* Debug */,
				9330FF4B230125CD00A99B4D /* Release */,
			);
			defaultConfigurationIsVisible = 0;
			defaultConfigurationName = Release;
		};
		9330FF4C230125CD00A99B4D /* Build configuration list for PBXNativeTarget "CanadaFeedTests" */ = {
			isa = XCConfigurationList;
			buildConfigurations = (
				9330FF4D230125CD00A99B4D /* Debug */,
				9330FF4E230125CD00A99B4D /* Release */,
			);
			defaultConfigurationIsVisible = 0;
			defaultConfigurationName = Release;
		};
/* End XCConfigurationList section */
	};
	rootObject = 9330FF24230125CD00A99B4D /* Project object */;
}
